
Microsoft Visual Studio Solution File, Format Version 12.00
Project("{FAE04EC0-301F-11D3-BF4B-00C04F79EFBC}") = "CRMSystem.API", "CRMSystem.API\CRMSystem.API.csproj", "{B108B3D1-4495-489D-9FFC-1F337ACC2254}"
EndProject
Project("{FAE04EC0-301F-11D3-BF4B-00C04F79EFBC}") = "CRMSystem.Domain", "CRMSystem.Domain\CRMSystem.Domain.csproj", "{5075F9F4-7C2D-45D5-9769-7CB6117AE044}"
EndProject
Project("{FAE04EC0-301F-11D3-BF4B-00C04F79EFBC}") = "CRMSystem.Application", "CRMSystem.Application\CRMSystem.Application.csproj", "{92C74C39-75B7-4913-833C-1777FB93EE1C}"
EndProject
Project("{FAE04EC0-301F-11D3-BF4B-00C04F79EFBC}") = "CRMSystem.Infrastructure", "CRMSystem.Infrastructure\CRMSystem.Infrastructure.csproj", "{F6F6187A-02E2-4A2C-9A1B-C903FFC446EC}"
EndProject
Project("{2150E333-8FDC-42A3-9474-1A3956D46DE8}") = "src", "src", "{0DBD3CAC-CEFB-4ACC-8866-D20A87C9DAB1}"
EndProject
Project("{2150E333-8FDC-42A3-9474-1A3956D46DE8}") = "tests", "tests", "{6337EC60-F100-4AEE-B2B8-94FADFF329F6}"
EndProject
Project("{FAE04EC0-301F-11D3-BF4B-00C04F79EFBC}") = "CRMSystem.API.Tests", "CRMSystem.API.Tests\CRMSystem.API.Tests.csproj", "{0FA72276-61E1-441A-BE57-043AECB5B9A1}"
EndProject
Project("{FAE04EC0-301F-11D3-BF4B-00C04F79EFBC}") = "CRMSystem.Application.Tests", "CRMSystem.Application.Tests\CRMSystem.Application.Tests.csproj", "{A420D21D-18DA-4533-AF9D-2AEC9810DB3C}"
EndProject
Project("{FAE04EC0-301F-11D3-BF4B-00C04F79EFBC}") = "CRMSystem.Infrastructure.Tests", "CRMSystem.Infrastructure.Tests\CRMSystem.Infrastructure.Tests.csproj", "{F8C28808-D5DE-4168-913A-4A2025921D08}"
EndProject
Project("{FAE04EC0-301F-11D3-BF4B-00C04F79EFBC}") = "Common", "Common\Common.csproj", "{E9AAA27F-3EC7-46C9-ACEC-E8F4D45EBF33}"
EndProject
Global
	GlobalSection(SolutionConfigurationPlatforms) = preSolution
		Debug|Any CPU = Debug|Any CPU
		Release|Any CPU = Release|Any CPU
	EndGlobalSection
	GlobalSection(ProjectConfigurationPlatforms) = postSolution
		{B108B3D1-4495-489D-9FFC-1F337ACC2254}.Debug|Any CPU.ActiveCfg = Debug|Any CPU
		{B108B3D1-4495-489D-9FFC-1F337ACC2254}.Debug|Any CPU.Build.0 = Debug|Any CPU
		{B108B3D1-4495-489D-9FFC-1F337ACC2254}.Release|Any CPU.ActiveCfg = Release|Any CPU
		{B108B3D1-4495-489D-9FFC-1F337ACC2254}.Release|Any CPU.Build.0 = Release|Any CPU
		{5075F9F4-7C2D-45D5-9769-7CB6117AE044}.Debug|Any CPU.ActiveCfg = Debug|Any CPU
		{5075F9F4-7C2D-45D5-9769-7CB6117AE044}.Debug|Any CPU.Build.0 = Debug|Any CPU
		{5075F9F4-7C2D-45D5-9769-7CB6117AE044}.Release|Any CPU.ActiveCfg = Release|Any CPU
		{5075F9F4-7C2D-45D5-9769-7CB6117AE044}.Release|Any CPU.Build.0 = Release|Any CPU
		{92C74C39-75B7-4913-833C-1777FB93EE1C}.Debug|Any CPU.ActiveCfg = Debug|Any CPU
		{92C74C39-75B7-4913-833C-1777FB93EE1C}.Debug|Any CPU.Build.0 = Debug|Any CPU
		{92C74C39-75B7-4913-833C-1777FB93EE1C}.Release|Any CPU.ActiveCfg = Release|Any CPU
		{92C74C39-75B7-4913-833C-1777FB93EE1C}.Release|Any CPU.Build.0 = Release|Any CPU
		{F6F6187A-02E2-4A2C-9A1B-C903FFC446EC}.Debug|Any CPU.ActiveCfg = Debug|Any CPU
		{F6F6187A-02E2-4A2C-9A1B-C903FFC446EC}.Debug|Any CPU.Build.0 = Debug|Any CPU
		{F6F6187A-02E2-4A2C-9A1B-C903FFC446EC}.Release|Any CPU.ActiveCfg = Release|Any CPU
		{F6F6187A-02E2-4A2C-9A1B-C903FFC446EC}.Release|Any CPU.Build.0 = Release|Any CPU
		{0FA72276-61E1-441A-BE57-043AECB5B9A1}.Debug|Any CPU.ActiveCfg = Debug|Any CPU
		{0FA72276-61E1-441A-BE57-043AECB5B9A1}.Debug|Any CPU.Build.0 = Debug|Any CPU
		{0FA72276-61E1-441A-BE57-043AECB5B9A1}.Release|Any CPU.ActiveCfg = Release|Any CPU
		{0FA72276-61E1-441A-BE57-043AECB5B9A1}.Release|Any CPU.Build.0 = Release|Any CPU
		{A420D21D-18DA-4533-AF9D-2AEC9810DB3C}.Debug|Any CPU.ActiveCfg = Debug|Any CPU
		{A420D21D-18DA-4533-AF9D-2AEC9810DB3C}.Debug|Any CPU.Build.0 = Debug|Any CPU
		{A420D21D-18DA-4533-AF9D-2AEC9810DB3C}.Release|Any CPU.ActiveCfg = Release|Any CPU
		{A420D21D-18DA-4533-AF9D-2AEC9810DB3C}.Release|Any CPU.Build.0 = Release|Any CPU
		{F8C28808-D5DE-4168-913A-4A2025921D08}.Debug|Any CPU.ActiveCfg = Debug|Any CPU
		{F8C28808-D5DE-4168-913A-4A2025921D08}.Debug|Any CPU.Build.0 = Debug|Any CPU
		{F8C28808-D5DE-4168-913A-4A2025921D08}.Release|Any CPU.ActiveCfg = Release|Any CPU
		{F8C28808-D5DE-4168-913A-4A2025921D08}.Release|Any CPU.Build.0 = Release|Any CPU
		{E9AAA27F-3EC7-46C9-ACEC-E8F4D45EBF33}.Debug|Any CPU.ActiveCfg = Debug|Any CPU
		{E9AAA27F-3EC7-46C9-ACEC-E8F4D45EBF33}.Debug|Any CPU.Build.0 = Debug|Any CPU
		{E9AAA27F-3EC7-46C9-ACEC-E8F4D45EBF33}.Release|Any CPU.ActiveCfg = Release|Any CPU
		{E9AAA27F-3EC7-46C9-ACEC-E8F4D45EBF33}.Release|Any CPU.Build.0 = Release|Any CPU
	EndGlobalSection
	GlobalSection(NestedProjects) = preSolution
		{B108B3D1-4495-489D-9FFC-1F337ACC2254} = {0DBD3CAC-CEFB-4ACC-8866-D20A87C9DAB1}
		{92C74C39-75B7-4913-833C-1777FB93EE1C} = {0DBD3CAC-CEFB-4ACC-8866-D20A87C9DAB1}
		{5075F9F4-7C2D-45D5-9769-7CB6117AE044} = {0DBD3CAC-CEFB-4ACC-8866-D20A87C9DAB1}
		{F6F6187A-02E2-4A2C-9A1B-C903FFC446EC} = {0DBD3CAC-CEFB-4ACC-8866-D20A87C9DAB1}
		{0FA72276-61E1-441A-BE57-043AECB5B9A1} = {6337EC60-F100-4AEE-B2B8-94FADFF329F6}
		{A420D21D-18DA-4533-AF9D-2AEC9810DB3C} = {6337EC60-F100-4AEE-B2B8-94FADFF329F6}
		{F8C28808-D5DE-4168-913A-4A2025921D08} = {6337EC60-F100-4AEE-B2B8-94FADFF329F6}
		{E9AAA27F-3EC7-46C9-ACEC-E8F4D45EBF33} = {0DBD3CAC-CEFB-4ACC-8866-D20A87C9DAB1}
	EndGlobalSection
EndGlobal
